
Microsoft Visual Studio Solution File, Format Version 12.00
# Visual Studio 15
VisualStudioVersion = 15.0.28307.168
MinimumVisualStudioVersion = 10.0.40219.1
Project("{FAE04EC0-301F-11D3-BF4B-00C04F79EFBC}") = "MooM", "PerformanceIssues\MooM.csproj", "{4D9E9579-BE50-4E8C-ADC6-7E7CB5078D41}"
EndProject
Project("{2150E333-8FDC-42A3-9474-1A3956D46DE8}") = "Chapter01", "Chapter01", "{803F6C5B-C145-484F-AA63-5D575051A763}"
EndProject
Global
	GlobalSection(SolutionConfigurationPlatforms) = preSolution
		Debug|Any CPU = Debug|Any CPU
		Release|Any CPU = Release|Any CPU
	EndGlobalSection
	GlobalSection(ProjectConfigurationPlatforms) = postSolution
		{4D9E9579-BE50-4E8C-ADC6-7E7CB5078D41}.Debug|Any CPU.ActiveCfg = Debug|Any CPU
		{4D9E9579-BE50-4E8C-ADC6-7E7CB5078D41}.Debug|Any CPU.Build.0 = Debug|Any CPU
		{4D9E9579-BE50-4E8C-ADC6-7E7CB5078D41}.Release|Any CPU.ActiveCfg = Release|Any CPU
		{4D9E9579-BE50-4E8C-ADC6-7E7CB5078D41}.Release|Any CPU.Build.0 = Release|Any CPU
	EndGlobalSection
	GlobalSection(SolutionProperties) = preSolution
		HideSolutionNode = FALSE
	EndGlobalSection
	GlobalSection(NestedProjects) = preSolution
		{4D9E9579-BE50-4E8C-ADC6-7E7CB5078D41} = {803F6C5B-C145-484F-AA63-5D575051A763}
	EndGlobalSection
	GlobalSection(ExtensibilityGlobals) = postSolution
		SolutionGuid = {4C765356-C655-4019-B31A-5634554F9F10}
	EndGlobalSection
EndGlobal
